
Microsoft Visual Studio Solution File, Format Version 12.00
# Visual Studio Version 16
VisualStudioVersion = 16.0.30717.126
MinimumVisualStudioVersion = 10.0.40219.1
Project("{FAE04EC0-301F-11D3-BF4B-00C04F79EFBC}") = "MainResolve", "lab4\MainResolve.csproj", "{8F3BC15D-7FC6-492D-8C50-3AC99688A6F7}"
EndProject
Project("{FAE04EC0-301F-11D3-BF4B-00C04F79EFBC}") = "MyLibrary", "MyLibrary\MyLibrary.csproj", "{B796F708-C27C-411A-BC86-ADE4E23D2869}"
EndProject
Global
	GlobalSection(SolutionConfigurationPlatforms) = preSolution
		Debug|Any CPU = Debug|Any CPU
		Release|Any CPU = Release|Any CPU
	EndGlobalSection
	GlobalSection(ProjectConfigurationPlatforms) = postSolution
		{8F3BC15D-7FC6-492D-8C50-3AC99688A6F7}.Debug|Any CPU.ActiveCfg = Debug|Any CPU
		{8F3BC15D-7FC6-492D-8C50-3AC99688A6F7}.Debug|Any CPU.Build.0 = Debug|Any CPU
		{8F3BC15D-7FC6-492D-8C50-3AC99688A6F7}.Release|Any CPU.ActiveCfg = Release|Any CPU
		{8F3BC15D-7FC6-492D-8C50-3AC99688A6F7}.Release|Any CPU.Build.0 = Release|Any CPU
		{B796F708-C27C-411A-BC86-ADE4E23D2869}.Debug|Any CPU.ActiveCfg = Debug|Any CPU
		{B796F708-C27C-411A-BC86-ADE4E23D2869}.Debug|Any CPU.Build.0 = Debug|Any CPU
		{B796F708-C27C-411A-BC86-ADE4E23D2869}.Release|Any CPU.ActiveCfg = Release|Any CPU
		{B796F708-C27C-411A-BC86-ADE4E23D2869}.Release|Any CPU.Build.0 = Release|Any CPU
	EndGlobalSection
	GlobalSection(SolutionProperties) = preSolution
		HideSolutionNode = FALSE
	EndGlobalSection
	GlobalSection(ExtensibilityGlobals) = postSolution
		SolutionGuid = {FE3B09A1-FD14-43AD-883D-3D3B20EBDA77}
	EndGlobalSection
EndGlobal
